
Microsoft Visual Studio Solution File, Format Version 12.00
# Visual Studio Version 17
VisualStudioVersion = 17.5.33516.290
MinimumVisualStudioVersion = 10.0.40219.1
Project("{8BC9CEB8-8B4A-11D0-8D11-00A0C91BC942}") = "CSS Parser", "CSS Parser.vcxproj", "{15A2C191-D542-4C75-8566-3F09D6A23305}"
EndProject
Global
	GlobalSection(SolutionConfigurationPlatforms) = preSolution
		Debug|x64 = Debug|x64
		Debug|x86 = Debug|x86
		Release|x64 = Release|x64
		Release|x86 = Release|x86
	EndGlobalSection
	GlobalSection(ProjectConfigurationPlatforms) = postSolution
		{15A2C191-D542-4C75-8566-3F09D6A23305}.Debug|x64.ActiveCfg = Debug|x64
		{15A2C191-D542-4C75-8566-3F09D6A23305}.Debug|x64.Build.0 = Debug|x64
		{15A2C191-D542-4C75-8566-3F09D6A23305}.Debug|x86.ActiveCfg = Debug|Win32
		{15A2C191-D542-4C75-8566-3F09D6A23305}.Debug|x86.Build.0 = Debug|Win32
		{15A2C191-D542-4C75-8566-3F09D6A23305}.Release|x64.ActiveCfg = Release|x64
		{15A2C191-D542-4C75-8566-3F09D6A23305}.Release|x64.Build.0 = Release|x64
		{15A2C191-D542-4C75-8566-3F09D6A23305}.Release|x86.ActiveCfg = Release|Win32
		{15A2C191-D542-4C75-8566-3F09D6A23305}.Release|x86.Build.0 = Release|Win32
	EndGlobalSection
	GlobalSection(SolutionProperties) = preSolution
		HideSolutionNode = FALSE
	EndGlobalSection
	GlobalSection(ExtensibilityGlobals) = postSolution
		SolutionGuid = {15CE56AB-A954-4D25-9BBB-E7CA9C8A523B}
	EndGlobalSection
EndGlobal
