
Microsoft Visual Studio Solution File, Format Version 12.00
# Visual Studio Version 17
VisualStudioVersion = 17.1.32407.343
MinimumVisualStudioVersion = 10.0.40219.1
Project("{8BC9CEB8-8B4A-11D0-8D11-00A0C91BC942}") = "projekt PP", "projekt PP.vcxproj", "{867918C1-13E5-4650-9CF2-0EEA3F36B356}"
EndProject
Global
	GlobalSection(SolutionConfigurationPlatforms) = preSolution
		Debug|x64 = Debug|x64
		Debug|x86 = Debug|x86
		Release|x64 = Release|x64
		Release|x86 = Release|x86
	EndGlobalSection
	GlobalSection(ProjectConfigurationPlatforms) = postSolution
		{867918C1-13E5-4650-9CF2-0EEA3F36B356}.Debug|x64.ActiveCfg = Debug|x64
		{867918C1-13E5-4650-9CF2-0EEA3F36B356}.Debug|x64.Build.0 = Debug|x64
		{867918C1-13E5-4650-9CF2-0EEA3F36B356}.Debug|x86.ActiveCfg = Debug|Win32
		{867918C1-13E5-4650-9CF2-0EEA3F36B356}.Debug|x86.Build.0 = Debug|Win32
		{867918C1-13E5-4650-9CF2-0EEA3F36B356}.Release|x64.ActiveCfg = Release|x64
		{867918C1-13E5-4650-9CF2-0EEA3F36B356}.Release|x64.Build.0 = Release|x64
		{867918C1-13E5-4650-9CF2-0EEA3F36B356}.Release|x86.ActiveCfg = Release|Win32
		{867918C1-13E5-4650-9CF2-0EEA3F36B356}.Release|x86.Build.0 = Release|Win32
	EndGlobalSection
	GlobalSection(SolutionProperties) = preSolution
		HideSolutionNode = FALSE
	EndGlobalSection
	GlobalSection(ExtensibilityGlobals) = postSolution
		SolutionGuid = {D386A89A-93F2-4E38-A964-5C7BFEDB63F5}
	EndGlobalSection
EndGlobal
