
Microsoft Visual Studio Solution File, Format Version 12.00
# Visual Studio Version 16
VisualStudioVersion = 16.0.31515.178
MinimumVisualStudioVersion = 10.0.40219.1
Project("{8BC9CEB8-8B4A-11D0-8D11-00A0C91BC942}") = "IO stream mastering wowo", "IO stream mastering wowo.vcxproj", "{F19F2823-80E1-4C2A-A063-DD4CA25F84F0}"
EndProject
Global
	GlobalSection(SolutionConfigurationPlatforms) = preSolution
		Debug|x64 = Debug|x64
		Debug|x86 = Debug|x86
		Release|x64 = Release|x64
		Release|x86 = Release|x86
	EndGlobalSection
	GlobalSection(ProjectConfigurationPlatforms) = postSolution
		{F19F2823-80E1-4C2A-A063-DD4CA25F84F0}.Debug|x64.ActiveCfg = Debug|x64
		{F19F2823-80E1-4C2A-A063-DD4CA25F84F0}.Debug|x64.Build.0 = Debug|x64
		{F19F2823-80E1-4C2A-A063-DD4CA25F84F0}.Debug|x86.ActiveCfg = Debug|Win32
		{F19F2823-80E1-4C2A-A063-DD4CA25F84F0}.Debug|x86.Build.0 = Debug|Win32
		{F19F2823-80E1-4C2A-A063-DD4CA25F84F0}.Release|x64.ActiveCfg = Release|x64
		{F19F2823-80E1-4C2A-A063-DD4CA25F84F0}.Release|x64.Build.0 = Release|x64
		{F19F2823-80E1-4C2A-A063-DD4CA25F84F0}.Release|x86.ActiveCfg = Release|Win32
		{F19F2823-80E1-4C2A-A063-DD4CA25F84F0}.Release|x86.Build.0 = Release|Win32
	EndGlobalSection
	GlobalSection(SolutionProperties) = preSolution
		HideSolutionNode = FALSE
	EndGlobalSection
	GlobalSection(ExtensibilityGlobals) = postSolution
		SolutionGuid = {FAF0D52B-7074-4E26-B5E7-8D24481083B8}
	EndGlobalSection
EndGlobal
